<?xml version="1.0" encoding="utf-8"?>
<Project ToolsVersion="4.0" xmlns="http://schemas.microsoft.com/developer/msbuild/2003">
  <ItemGroup>
    <Filter Include="src">
      <UniqueIdentifier>{4FC737F1-C7A5-4376-A066-2A32D752A2FF}</UniqueIdentifier>
      <Extensions>cpp;c;cc;cxx;def;odl;idl;hpj;bat;asm;asmx</Extensions>
    </Filter>
    <Filter Include="src\model">
      <UniqueIdentifier>{4a7e8813-7be5-4ef9-a585-92377a6ea19e}</UniqueIdentifier>
    </Filter>
    <Filter Include="src\model\platform">
      <UniqueIdentifier>{26017df9-9bdd-4a9b-a3de-804acf060287}</UniqueIdentifier>
    </Filter>
  </ItemGroup>
  <ItemGroup>
    <None Include="ReadMe.txt" />
  </ItemGroup>
  <ItemGroup>
    <ClInclude Include="src\stdafx.h">
      <Filter>src</Filter>
    </ClInclude>
    <ClInclude Include="src\targetver.h">
      <Filter>src</Filter>
    </ClInclude>
    <ClInclude Include="src\Model\HttpRequest.h">
      <Filter>src\model</Filter>
    </ClInclude>
    <ClInclude Include="src\Model\PhotoDirectory.h">
      <Filter>src\model</Filter>
    </ClInclude>
    <ClInclude Include="src\Model\PhotoGallery.h">
      <Filter>src\model</Filter>
    </ClInclude>
    <ClInclude Include="src\Model\PhotoObject.h">
      <Filter>src\model</Filter>
    </ClInclude>
  </ItemGroup>
  <ItemGroup>
    <ClCompile Include="src\stdafx.cpp">
      <Filter>src</Filter>
    </ClCompile>
    <ClCompile Include="src\TestHOF.cpp">
      <Filter>src</Filter>
    </ClCompile>
    <ClCompile Include="src\Model\PhotoDirectory.cpp">
      <Filter>src\model</Filter>
    </ClCompile>
    <ClCompile Include="src\Model\PhotoGallery.cpp">
      <Filter>src\model</Filter>
    </ClCompile>
    <ClCompile Include="src\Model\PhotoObject.cpp">
      <Filter>src\model</Filter>
    </ClCompile>
    <ClCompile Include="src\Model\platform\HttpRequestWin32.cpp">
      <Filter>src\model\platform</Filter>
    </ClCompile>
  </ItemGroup>
</Project>